
Microsoft Visual Studio Solution File, Format Version 12.00
# Visual Studio Version 17
VisualStudioVersion = 17.0.32014.148
MinimumVisualStudioVersion = 10.0.40219.1
Project("{9A19103F-16F7-4668-BE54-9A1E7A4F7556}") = "RealStateApp", "RealStateApp\RealStateApp.csproj", "{33AEDAB5-2636-48C1-B228-065EC588198E}"
EndProject
Project("{2150E333-8FDC-42A3-9474-1A3956D46DE8}") = "Source", "Source", "{4B7F6FD6-2249-45E3-9397-29C3ED225137}"
EndProject
Project("{2150E333-8FDC-42A3-9474-1A3956D46DE8}") = "Core", "Core", "{0288A481-E8B2-4118-BCD2-601D565F0D20}"
EndProject
Project("{2150E333-8FDC-42A3-9474-1A3956D46DE8}") = "Infrastructure", "Infrastructure", "{F0E457A7-6633-46F7-AB0B-EA713D4CECF0}"
EndProject
Project("{2150E333-8FDC-42A3-9474-1A3956D46DE8}") = "Presentation", "Presentation", "{341A4799-68B9-4F6E-834C-ED102C9880A6}"
EndProject
Project("{2150E333-8FDC-42A3-9474-1A3956D46DE8}") = "WebAPI", "WebAPI", "{56101F91-A0D0-4559-8D88-2261CD1F9F25}"
EndProject
Project("{2150E333-8FDC-42A3-9474-1A3956D46DE8}") = "WebApp", "WebApp", "{A8CE9951-86A9-4F25-AA56-D33835E71727}"
EndProject
Project("{9A19103F-16F7-4668-BE54-9A1E7A4F7556}") = "RealState.Infrastructure.Identity", "RealState.Infrastructure.Identity\RealState.Infrastructure.Identity.csproj", "{A98645FC-A2FE-4998-A7EB-717824EB66A0}"
EndProject
Project("{9A19103F-16F7-4668-BE54-9A1E7A4F7556}") = "RealState.Infrastructure.Persistence", "RealState.Infrastructure.Persistence\RealState.Infrastructure.Persistence.csproj", "{A4E440F5-168F-48F6-9C1F-528F57E9A990}"
EndProject
Project("{9A19103F-16F7-4668-BE54-9A1E7A4F7556}") = "RealState.Infrastructure.Shared", "RealState.Infrastructure.Shared\RealState.Infrastructure.Shared.csproj", "{7C724A16-79D6-4AE0-99C0-86FF641200F6}"
EndProject
Project("{9A19103F-16F7-4668-BE54-9A1E7A4F7556}") = "RealState.WebAPI", "RealState.WebAPI\RealState.WebAPI.csproj", "{1C1302FA-67C0-4F5E-A9AD-C14C0FEC7071}"
EndProject
Project("{FAE04EC0-301F-11D3-BF4B-00C04F79EFBC}") = "RealState.Core.Application", "Core\RealState.Core.Application.csproj", "{BE22197D-E980-417C-9632-D62ECE0B6A80}"
EndProject
Project("{FAE04EC0-301F-11D3-BF4B-00C04F79EFBC}") = "RealState.Core.Domain", "Core.Domain\RealState.Core.Domain.csproj", "{93DEF739-8632-4378-A9D9-A65A9C587FB1}"
EndProject
Global
	GlobalSection(SolutionConfigurationPlatforms) = preSolution
		Debug|Any CPU = Debug|Any CPU
		Release|Any CPU = Release|Any CPU
	EndGlobalSection
	GlobalSection(ProjectConfigurationPlatforms) = postSolution
		{33AEDAB5-2636-48C1-B228-065EC588198E}.Debug|Any CPU.ActiveCfg = Debug|Any CPU
		{33AEDAB5-2636-48C1-B228-065EC588198E}.Debug|Any CPU.Build.0 = Debug|Any CPU
		{33AEDAB5-2636-48C1-B228-065EC588198E}.Release|Any CPU.ActiveCfg = Release|Any CPU
		{33AEDAB5-2636-48C1-B228-065EC588198E}.Release|Any CPU.Build.0 = Release|Any CPU
		{A98645FC-A2FE-4998-A7EB-717824EB66A0}.Debug|Any CPU.ActiveCfg = Debug|Any CPU
		{A98645FC-A2FE-4998-A7EB-717824EB66A0}.Debug|Any CPU.Build.0 = Debug|Any CPU
		{A98645FC-A2FE-4998-A7EB-717824EB66A0}.Release|Any CPU.ActiveCfg = Release|Any CPU
		{A98645FC-A2FE-4998-A7EB-717824EB66A0}.Release|Any CPU.Build.0 = Release|Any CPU
		{A4E440F5-168F-48F6-9C1F-528F57E9A990}.Debug|Any CPU.ActiveCfg = Debug|Any CPU
		{A4E440F5-168F-48F6-9C1F-528F57E9A990}.Debug|Any CPU.Build.0 = Debug|Any CPU
		{A4E440F5-168F-48F6-9C1F-528F57E9A990}.Release|Any CPU.ActiveCfg = Release|Any CPU
		{A4E440F5-168F-48F6-9C1F-528F57E9A990}.Release|Any CPU.Build.0 = Release|Any CPU
		{7C724A16-79D6-4AE0-99C0-86FF641200F6}.Debug|Any CPU.ActiveCfg = Debug|Any CPU
		{7C724A16-79D6-4AE0-99C0-86FF641200F6}.Debug|Any CPU.Build.0 = Debug|Any CPU
		{7C724A16-79D6-4AE0-99C0-86FF641200F6}.Release|Any CPU.ActiveCfg = Release|Any CPU
		{7C724A16-79D6-4AE0-99C0-86FF641200F6}.Release|Any CPU.Build.0 = Release|Any CPU
		{1C1302FA-67C0-4F5E-A9AD-C14C0FEC7071}.Debug|Any CPU.ActiveCfg = Debug|Any CPU
		{1C1302FA-67C0-4F5E-A9AD-C14C0FEC7071}.Debug|Any CPU.Build.0 = Debug|Any CPU
		{1C1302FA-67C0-4F5E-A9AD-C14C0FEC7071}.Release|Any CPU.ActiveCfg = Release|Any CPU
		{1C1302FA-67C0-4F5E-A9AD-C14C0FEC7071}.Release|Any CPU.Build.0 = Release|Any CPU
		{BE22197D-E980-417C-9632-D62ECE0B6A80}.Debug|Any CPU.ActiveCfg = Debug|Any CPU
		{BE22197D-E980-417C-9632-D62ECE0B6A80}.Debug|Any CPU.Build.0 = Debug|Any CPU
		{BE22197D-E980-417C-9632-D62ECE0B6A80}.Release|Any CPU.ActiveCfg = Release|Any CPU
		{BE22197D-E980-417C-9632-D62ECE0B6A80}.Release|Any CPU.Build.0 = Release|Any CPU
		{93DEF739-8632-4378-A9D9-A65A9C587FB1}.Debug|Any CPU.ActiveCfg = Debug|Any CPU
		{93DEF739-8632-4378-A9D9-A65A9C587FB1}.Debug|Any CPU.Build.0 = Debug|Any CPU
		{93DEF739-8632-4378-A9D9-A65A9C587FB1}.Release|Any CPU.ActiveCfg = Release|Any CPU
		{93DEF739-8632-4378-A9D9-A65A9C587FB1}.Release|Any CPU.Build.0 = Release|Any CPU
	EndGlobalSection
	GlobalSection(SolutionProperties) = preSolution
		HideSolutionNode = FALSE
	EndGlobalSection
	GlobalSection(NestedProjects) = preSolution
		{33AEDAB5-2636-48C1-B228-065EC588198E} = {A8CE9951-86A9-4F25-AA56-D33835E71727}
		{0288A481-E8B2-4118-BCD2-601D565F0D20} = {4B7F6FD6-2249-45E3-9397-29C3ED225137}
		{F0E457A7-6633-46F7-AB0B-EA713D4CECF0} = {4B7F6FD6-2249-45E3-9397-29C3ED225137}
		{341A4799-68B9-4F6E-834C-ED102C9880A6} = {4B7F6FD6-2249-45E3-9397-29C3ED225137}
		{56101F91-A0D0-4559-8D88-2261CD1F9F25} = {341A4799-68B9-4F6E-834C-ED102C9880A6}
		{A8CE9951-86A9-4F25-AA56-D33835E71727} = {341A4799-68B9-4F6E-834C-ED102C9880A6}
		{A98645FC-A2FE-4998-A7EB-717824EB66A0} = {F0E457A7-6633-46F7-AB0B-EA713D4CECF0}
		{A4E440F5-168F-48F6-9C1F-528F57E9A990} = {F0E457A7-6633-46F7-AB0B-EA713D4CECF0}
		{7C724A16-79D6-4AE0-99C0-86FF641200F6} = {F0E457A7-6633-46F7-AB0B-EA713D4CECF0}
		{1C1302FA-67C0-4F5E-A9AD-C14C0FEC7071} = {56101F91-A0D0-4559-8D88-2261CD1F9F25}
		{BE22197D-E980-417C-9632-D62ECE0B6A80} = {0288A481-E8B2-4118-BCD2-601D565F0D20}
		{93DEF739-8632-4378-A9D9-A65A9C587FB1} = {0288A481-E8B2-4118-BCD2-601D565F0D20}
	EndGlobalSection
	GlobalSection(ExtensibilityGlobals) = postSolution
		SolutionGuid = {A6B3117D-1C9B-43F3-8AA3-50DB816265F6}
	EndGlobalSection
EndGlobal
